
Microsoft Visual Studio Solution File, Format Version 12.00
# Visual Studio Version 16
VisualStudioVersion = 16.0.32126.315
MinimumVisualStudioVersion = 10.0.40219.1
Project("{FAE04EC0-301F-11D3-BF4B-00C04F79EFBC}") = "clanky", "clanky\clanky.csproj", "{4A0C55C6-6F3A-4FCF-98DC-7FEAD98585BA}"
EndProject
Global
	GlobalSection(SolutionConfigurationPlatforms) = preSolution
		Debug|Any CPU = Debug|Any CPU
		Release|Any CPU = Release|Any CPU
	EndGlobalSection
	GlobalSection(ProjectConfigurationPlatforms) = postSolution
		{4A0C55C6-6F3A-4FCF-98DC-7FEAD98585BA}.Debug|Any CPU.ActiveCfg = Debug|Any CPU
		{4A0C55C6-6F3A-4FCF-98DC-7FEAD98585BA}.Debug|Any CPU.Build.0 = Debug|Any CPU
		{4A0C55C6-6F3A-4FCF-98DC-7FEAD98585BA}.Release|Any CPU.ActiveCfg = Release|Any CPU
		{4A0C55C6-6F3A-4FCF-98DC-7FEAD98585BA}.Release|Any CPU.Build.0 = Release|Any CPU
	EndGlobalSection
	GlobalSection(SolutionProperties) = preSolution
		HideSolutionNode = FALSE
	EndGlobalSection
	GlobalSection(ExtensibilityGlobals) = postSolution
		SolutionGuid = {845380D1-E58D-46F9-AC65-E726349F2D48}
	EndGlobalSection
EndGlobal
